// !$*UTF8*$!
{
	archiveVersion = 1;
	classes = {
	};
	objectVersion = 46;
	objects = {

/* Begin PBXBuildFile section */
		18EA454E1D53C8EA005A8A64 /* AppDelegate.swift in Sources */ = {isa = PBXBuildFile; fileRef = 18EA454D1D53C8EA005A8A64 /* AppDelegate.swift */; };
		18EA45501D53C8EB005A8A64 /* ViewController.swift in Sources */ = {isa = PBXBuildFile; fileRef = 18EA454F1D53C8EB005A8A64 /* ViewController.swift */; };
		18EA45531D53C8EB005A8A64 /* Main.storyboard in Resources */ = {isa = PBXBuildFile; fileRef = 18EA45511D53C8EB005A8A64 /* Main.storyboard */; };
		18EA45551D53C8EB005A8A64 /* Assets.xcassets in Resources */ = {isa = PBXBuildFile; fileRef = 18EA45541D53C8EB005A8A64 /* Assets.xcassets */; };
		18EA45581D53C8EB005A8A64 /* LaunchScreen.storyboard in Resources */ = {isa = PBXBuildFile; fileRef = 18EA45561D53C8EB005A8A64 /* LaunchScreen.storyboard */; };
		18EA45631D53C8EB005A8A64 /* CHCarouselViewTests.swift in Sources */ = {isa = PBXBuildFile; fileRef = 18EA45621D53C8EB005A8A64 /* CHCarouselViewTests.swift */; };
		18EA456E1D53C8EB005A8A64 /* CHCarouselViewUITests.swift in Sources */ = {isa = PBXBuildFile; fileRef = 18EA456D1D53C8EB005A8A64 /* CHCarouselViewUITests.swift */; };
		18EA457D1D53CA2A005A8A64 /* CarouselView.swift in Sources */ = {isa = PBXBuildFile; fileRef = 18EA457C1D53CA2A005A8A64 /* CarouselView.swift */; };
		9BC09E9BCB835B246D0C24D5 /* Pods_CHCarouselViewUITests.framework in Frameworks */ = {isa = PBXBuildFile; fileRef = 85B1605B60B3C6DB97C871CB /* Pods_CHCarouselViewUITests.framework */; };
		D47A23161AE2D5E098BC3CE3 /* Pods_CHCarouselViewTests.framework in Frameworks */ = {isa = PBXBuildFile; fileRef = A06D9C47A44F3B6D6D7F2A1C /* Pods_CHCarouselViewTests.framework */; };
		E9655F1F6AA2FA927D36D423 /* Pods_CHCarouselView.framework in Frameworks */ = {isa = PBXBuildFile; fileRef = 40F64AF14A38C121BF66B23D /* Pods_CHCarouselView.framework */; };
/* End PBXBuildFile section */

/* Begin PBXContainerItemProxy section */
		18EA455F1D53C8EB005A8A64 /* PBXContainerItemProxy */ = {
			isa = PBXContainerItemProxy;
			containerPortal = 18EA45421D53C8EA005A8A64 /* Project object */;
			proxyType = 1;
			remoteGlobalIDString = 18EA45491D53C8EA005A8A64;
			remoteInfo = CHCarouselView;
		};
		18EA456A1D53C8EB005A8A64 /* PBXContainerItemProxy */ = {
			isa = PBXContainerItemProxy;
			containerPortal = 18EA45421D53C8EA005A8A64 /* Project object */;
			proxyType = 1;
			remoteGlobalIDString = 18EA45491D53C8EA005A8A64;
			remoteInfo = CHCarouselView;
		};
/* End PBXContainerItemProxy section */

/* Begin PBXFileReference section */
		032DC89CDA842ABD89BD7E12 /* Pods-CHCarouselViewUITests.debug.xcconfig */ = {isa = PBXFileReference; includeInIndex = 1; lastKnownFileType = text.xcconfig; name = "Pods-CHCarouselViewUITests.debug.xcconfig"; path = "Pods/Target Support Files/Pods-CHCarouselViewUITests/Pods-CHCarouselViewUITests.debug.xcconfig"; sourceTree = "<group>"; };
		18EA454A1D53C8EA005A8A64 /* CHCarouselView.app */ = {isa = PBXFileReference; explicitFileType = wrapper.application; includeInIndex = 0; path = CHCarouselView.app; sourceTree = BUILT_PRODUCTS_DIR; };
		18EA454D1D53C8EA005A8A64 /* AppDelegate.swift */ = {isa = PBXFileReference; lastKnownFileType = sourcecode.swift; path = AppDelegate.swift; sourceTree = "<group>"; };
		18EA454F1D53C8EB005A8A64 /* ViewController.swift */ = {isa = PBXFileReference; lastKnownFileType = sourcecode.swift; path = ViewController.swift; sourceTree = "<group>"; };
		18EA45521D53C8EB005A8A64 /* Base */ = {isa = PBXFileReference; lastKnownFileType = file.storyboard; name = Base; path = Base.lproj/Main.storyboard; sourceTree = "<group>"; };
		18EA45541D53C8EB005A8A64 /* Assets.xcassets */ = {isa = PBXFileReference; lastKnownFileType = folder.assetcatalog; path = Assets.xcassets; sourceTree = "<group>"; };
		18EA45571D53C8EB005A8A64 /* Base */ = {isa = PBXFileReference; lastKnownFileType = file.storyboard; name = Base; path = Base.lproj/LaunchScreen.storyboard; sourceTree = "<group>"; };
		18EA45591D53C8EB005A8A64 /* Info.plist */ = {isa = PBXFileReference; lastKnownFileType = text.plist.xml; path = Info.plist; sourceTree = "<group>"; };
		18EA455E1D53C8EB005A8A64 /* CHCarouselViewTests.xctest */ = {isa = PBXFileReference; explicitFileType = wrapper.cfbundle; includeInIndex = 0; path = CHCarouselViewTests.xctest; sourceTree = BUILT_PRODUCTS_DIR; };
		18EA45621D53C8EB005A8A64 /* CHCarouselViewTests.swift */ = {isa = PBXFileReference; lastKnownFileType = sourcecode.swift; path = CHCarouselViewTests.swift; sourceTree = "<group>"; };
		18EA45641D53C8EB005A8A64 /* Info.plist */ = {isa = PBXFileReference; lastKnownFileType = text.plist.xml; path = Info.plist; sourceTree = "<group>"; };
		18EA45691D53C8EB005A8A64 /* CHCarouselViewUITests.xctest */ = {isa = PBXFileReference; explicitFileType = wrapper.cfbundle; includeInIndex = 0; path = CHCarouselViewUITests.xctest; sourceTree = BUILT_PRODUCTS_DIR; };
		18EA456D1D53C8EB005A8A64 /* CHCarouselViewUITests.swift */ = {isa = PBXFileReference; lastKnownFileType = sourcecode.swift; path = CHCarouselViewUITests.swift; sourceTree = "<group>"; };
		18EA456F1D53C8EB005A8A64 /* Info.plist */ = {isa = PBXFileReference; lastKnownFileType = text.plist.xml; path = Info.plist; sourceTree = "<group>"; };
		18EA457C1D53CA2A005A8A64 /* CarouselView.swift */ = {isa = PBXFileReference; fileEncoding = 4; lastKnownFileType = sourcecode.swift; name = CarouselView.swift; path = Views/CarouselView.swift; sourceTree = "<group>"; };
		24B582BADB2C1FF4C0C8905B /* Pods-CHCarouselViewTests.release.xcconfig */ = {isa = PBXFileReference; includeInIndex = 1; lastKnownFileType = text.xcconfig; name = "Pods-CHCarouselViewTests.release.xcconfig"; path = "Pods/Target Support Files/Pods-CHCarouselViewTests/Pods-CHCarouselViewTests.release.xcconfig"; sourceTree = "<group>"; };
		40F64AF14A38C121BF66B23D /* Pods_CHCarouselView.framework */ = {isa = PBXFileReference; explicitFileType = wrapper.framework; includeInIndex = 0; path = Pods_CHCarouselView.framework; sourceTree = BUILT_PRODUCTS_DIR; };
		523C497422E5EB14BF6C4206 /* Pods-CHCarouselViewUITests.release.xcconfig */ = {isa = PBXFileReference; includeInIndex = 1; lastKnownFileType = text.xcconfig; name = "Pods-CHCarouselViewUITests.release.xcconfig"; path = "Pods/Target Support Files/Pods-CHCarouselViewUITests/Pods-CHCarouselViewUITests.release.xcconfig"; sourceTree = "<group>"; };
		5AA7AE6ED291C4E38CE42A32 /* Pods-CHCarouselViewTests.debug.xcconfig */ = {isa = PBXFileReference; includeInIndex = 1; lastKnownFileType = text.xcconfig; name = "Pods-CHCarouselViewTests.debug.xcconfig"; path = "Pods/Target Support Files/Pods-CHCarouselViewTests/Pods-CHCarouselViewTests.debug.xcconfig"; sourceTree = "<group>"; };
		85B1605B60B3C6DB97C871CB /* Pods_CHCarouselViewUITests.framework */ = {isa = PBXFileReference; explicitFileType = wrapper.framework; includeInIndex = 0; path = Pods_CHCarouselViewUITests.framework; sourceTree = BUILT_PRODUCTS_DIR; };
		A06D9C47A44F3B6D6D7F2A1C /* Pods_CHCarouselViewTests.framework */ = {isa = PBXFileReference; explicitFileType = wrapper.framework; includeInIndex = 0; path = Pods_CHCarouselViewTests.framework; sourceTree = BUILT_PRODUCTS_DIR; };
		B75C0F825813444998ED9CE8 /* Pods-CHCarouselView.debug.xcconfig */ = {isa = PBXFileReference; includeInIndex = 1; lastKnownFileType = text.xcconfig; name = "Pods-CHCarouselView.debug.xcconfig"; path = "Pods/Target Support Files/Pods-CHCarouselView/Pods-CHCarouselView.debug.xcconfig"; sourceTree = "<group>"; };
		FC1DF559E6F266A98A0AF56F /* Pods-CHCarouselView.release.xcconfig */ = {isa = PBXFileReference; includeInIndex = 1; lastKnownFileType = text.xcconfig; name = "Pods-CHCarouselView.release.xcconfig"; path = "Pods/Target Support Files/Pods-CHCarouselView/Pods-CHCarouselView.release.xcconfig"; sourceTree = "<group>"; };
/* End PBXFileReference section */

/* Begin PBXFrameworksBuildPhase section */
		18EA45471D53C8EA005A8A64 /* Frameworks */ = {
			isa = PBXFrameworksBuildPhase;
			buildActionMask = 2147483647;
			files = (
				E9655F1F6AA2FA927D36D423 /* Pods_CHCarouselView.framework in Frameworks */,
			);
			runOnlyForDeploymentPostprocessing = 0;
		};
		18EA455B1D53C8EB005A8A64 /* Frameworks */ = {
			isa = PBXFrameworksBuildPhase;
			buildActionMask = 2147483647;
			files = (
				D47A23161AE2D5E098BC3CE3 /* Pods_CHCarouselViewTests.framework in Frameworks */,
			);
			runOnlyForDeploymentPostprocessing = 0;
		};
		18EA45661D53C8EB005A8A64 /* Frameworks */ = {
			isa = PBXFrameworksBuildPhase;
			buildActionMask = 2147483647;
			files = (
				9BC09E9BCB835B246D0C24D5 /* Pods_CHCarouselViewUITests.framework in Frameworks */,
			);
			runOnlyForDeploymentPostprocessing = 0;
		};
/* End PBXFrameworksBuildPhase section */

/* Begin PBXGroup section */
		18EA45411D53C8EA005A8A64 = {
			isa = PBXGroup;
			children = (
				18EA454C1D53C8EA005A8A64 /* CHCarouselView */,
				18EA45611D53C8EB005A8A64 /* CHCarouselViewTests */,
				18EA456C1D53C8EB005A8A64 /* CHCarouselViewUITests */,
				18EA454B1D53C8EA005A8A64 /* Products */,
				C43637C4727D7F69B6E2A65A /* Pods */,
				55F1BFAE30B06F11384ED4DE /* Frameworks */,
			);
			sourceTree = "<group>";
		};
		18EA454B1D53C8EA005A8A64 /* Products */ = {
			isa = PBXGroup;
			children = (
				18EA454A1D53C8EA005A8A64 /* CHCarouselView.app */,
				18EA455E1D53C8EB005A8A64 /* CHCarouselViewTests.xctest */,
				18EA45691D53C8EB005A8A64 /* CHCarouselViewUITests.xctest */,
			);
			name = Products;
			sourceTree = "<group>";
		};
		18EA454C1D53C8EA005A8A64 /* CHCarouselView */ = {
			isa = PBXGroup;
			children = (
				18EA457B1D53CA08005A8A64 /* Views */,
				18EA454D1D53C8EA005A8A64 /* AppDelegate.swift */,
				18EA454F1D53C8EB005A8A64 /* ViewController.swift */,
				18EA45511D53C8EB005A8A64 /* Main.storyboard */,
				18EA45541D53C8EB005A8A64 /* Assets.xcassets */,
				18EA45561D53C8EB005A8A64 /* LaunchScreen.storyboard */,
				18EA45591D53C8EB005A8A64 /* Info.plist */,
			);
			path = CHCarouselView;
			sourceTree = "<group>";
		};
		18EA45611D53C8EB005A8A64 /* CHCarouselViewTests */ = {
			isa = PBXGroup;
			children = (
				18EA45621D53C8EB005A8A64 /* CHCarouselViewTests.swift */,
				18EA45641D53C8EB005A8A64 /* Info.plist */,
			);
			path = CHCarouselViewTests;
			sourceTree = "<group>";
		};
		18EA456C1D53C8EB005A8A64 /* CHCarouselViewUITests */ = {
			isa = PBXGroup;
			children = (
				18EA456D1D53C8EB005A8A64 /* CHCarouselViewUITests.swift */,
				18EA456F1D53C8EB005A8A64 /* Info.plist */,
			);
			path = CHCarouselViewUITests;
			sourceTree = "<group>";
		};
		18EA457B1D53CA08005A8A64 /* Views */ = {
			isa = PBXGroup;
			children = (
				18EA457C1D53CA2A005A8A64 /* CarouselView.swift */,
			);
			name = Views;
			sourceTree = "<group>";
		};
		55F1BFAE30B06F11384ED4DE /* Frameworks */ = {
			isa = PBXGroup;
			children = (
				40F64AF14A38C121BF66B23D /* Pods_CHCarouselView.framework */,
				A06D9C47A44F3B6D6D7F2A1C /* Pods_CHCarouselViewTests.framework */,
				85B1605B60B3C6DB97C871CB /* Pods_CHCarouselViewUITests.framework */,
			);
			name = Frameworks;
			sourceTree = "<group>";
		};
		C43637C4727D7F69B6E2A65A /* Pods */ = {
			isa = PBXGroup;
			children = (
				B75C0F825813444998ED9CE8 /* Pods-CHCarouselView.debug.xcconfig */,
				FC1DF559E6F266A98A0AF56F /* Pods-CHCarouselView.release.xcconfig */,
				5AA7AE6ED291C4E38CE42A32 /* Pods-CHCarouselViewTests.debug.xcconfig */,
				24B582BADB2C1FF4C0C8905B /* Pods-CHCarouselViewTests.release.xcconfig */,
				032DC89CDA842ABD89BD7E12 /* Pods-CHCarouselViewUITests.debug.xcconfig */,
				523C497422E5EB14BF6C4206 /* Pods-CHCarouselViewUITests.release.xcconfig */,
			);
			name = Pods;
			sourceTree = "<group>";
		};
/* End PBXGroup section */

/* Begin PBXNativeTarget section */
		18EA45491D53C8EA005A8A64 /* CHCarouselView */ = {
			isa = PBXNativeTarget;
			buildConfigurationList = 18EA45721D53C8EB005A8A64 /* Build configuration list for PBXNativeTarget "CHCarouselView" */;
			buildPhases = (
				D6E6A5CA15A9DAD8B76AD217 /* [CP] Check Pods Manifest.lock */,
				18EA45461D53C8EA005A8A64 /* Sources */,
				18EA45471D53C8EA005A8A64 /* Frameworks */,
				18EA45481D53C8EA005A8A64 /* Resources */,
				ACD3BA4664E6FA2BE21B3605 /* [CP] Embed Pods Frameworks */,
				E8C8F79892E5E390938D6010 /* [CP] Copy Pods Resources */,
			);
			buildRules = (
			);
			dependencies = (
			);
			name = CHCarouselView;
			productName = CHCarouselView;
			productReference = 18EA454A1D53C8EA005A8A64 /* CHCarouselView.app */;
			productType = "com.apple.product-type.application";
		};
		18EA455D1D53C8EB005A8A64 /* CHCarouselViewTests */ = {
			isa = PBXNativeTarget;
			buildConfigurationList = 18EA45751D53C8EB005A8A64 /* Build configuration list for PBXNativeTarget "CHCarouselViewTests" */;
			buildPhases = (
				0CE81A5348A007CAF658FD61 /* [CP] Check Pods Manifest.lock */,
				18EA455A1D53C8EB005A8A64 /* Sources */,
				18EA455B1D53C8EB005A8A64 /* Frameworks */,
				18EA455C1D53C8EB005A8A64 /* Resources */,
				5B8B64ECB958305464E15082 /* [CP] Embed Pods Frameworks */,
				722636B388F6F6A9626AB379 /* [CP] Copy Pods Resources */,
			);
			buildRules = (
			);
			dependencies = (
				18EA45601D53C8EB005A8A64 /* PBXTargetDependency */,
			);
			name = CHCarouselViewTests;
			productName = CHCarouselViewTests;
			productReference = 18EA455E1D53C8EB005A8A64 /* CHCarouselViewTests.xctest */;
			productType = "com.apple.product-type.bundle.unit-test";
		};
		18EA45681D53C8EB005A8A64 /* CHCarouselViewUITests */ = {
			isa = PBXNativeTarget;
			buildConfigurationList = 18EA45781D53C8EB005A8A64 /* Build configuration list for PBXNativeTarget "CHCarouselViewUITests" */;
			buildPhases = (
				5991098ADEB545AFF6E699D1 /* [CP] Check Pods Manifest.lock */,
				18EA45651D53C8EB005A8A64 /* Sources */,
				18EA45661D53C8EB005A8A64 /* Frameworks */,
				18EA45671D53C8EB005A8A64 /* Resources */,
				3D6257F27CD74135CBBB4488 /* [CP] Copy Pods Resources */,
				A49121820B7D9776D8AA2504 /* [CP] Embed Pods Frameworks */,
			);
			buildRules = (
			);
			dependencies = (
				18EA456B1D53C8EB005A8A64 /* PBXTargetDependency */,
			);
			name = CHCarouselViewUITests;
			productName = CHCarouselViewUITests;
			productReference = 18EA45691D53C8EB005A8A64 /* CHCarouselViewUITests.xctest */;
			productType = "com.apple.product-type.bundle.ui-testing";
		};
/* End PBXNativeTarget section */

/* Begin PBXProject section */
		18EA45421D53C8EA005A8A64 /* Project object */ = {
			isa = PBXProject;
			attributes = {
				LastSwiftUpdateCheck = 0730;
				LastUpgradeCheck = 0800;
				ORGANIZATIONNAME = CapsLock;
				TargetAttributes = {
					18EA45491D53C8EA005A8A64 = {
						CreatedOnToolsVersion = 7.3.1;
						DevelopmentTeam = ZT2WJ442QP;
						LastSwiftMigration = 0800;
					};
					18EA455D1D53C8EB005A8A64 = {
						CreatedOnToolsVersion = 7.3.1;
						LastSwiftMigration = 0800;
						TestTargetID = 18EA45491D53C8EA005A8A64;
					};
					18EA45681D53C8EB005A8A64 = {
						CreatedOnToolsVersion = 7.3.1;
						LastSwiftMigration = 0800;
						TestTargetID = 18EA45491D53C8EA005A8A64;
					};
				};
			};
			buildConfigurationList = 18EA45451D53C8EA005A8A64 /* Build configuration list for PBXProject "CHCarouselView" */;
			compatibilityVersion = "Xcode 3.2";
			developmentRegion = English;
			hasScannedForEncodings = 0;
			knownRegions = (
				en,
				Base,
			);
			mainGroup = 18EA45411D53C8EA005A8A64;
			productRefGroup = 18EA454B1D53C8EA005A8A64 /* Products */;
			projectDirPath = "";
			projectRoot = "";
			targets = (
				18EA45491D53C8EA005A8A64 /* CHCarouselView */,
				18EA455D1D53C8EB005A8A64 /* CHCarouselViewTests */,
				18EA45681D53C8EB005A8A64 /* CHCarouselViewUITests */,
			);
		};
/* End PBXProject section */

/* Begin PBXResourcesBuildPhase section */
		18EA45481D53C8EA005A8A64 /* Resources */ = {
			isa = PBXResourcesBuildPhase;
			buildActionMask = 2147483647;
			files = (
				18EA45581D53C8EB005A8A64 /* LaunchScreen.storyboard in Resources */,
				18EA45551D53C8EB005A8A64 /* Assets.xcassets in Resources */,
				18EA45531D53C8EB005A8A64 /* Main.storyboard in Resources */,
			);
			runOnlyForDeploymentPostprocessing = 0;
		};
		18EA455C1D53C8EB005A8A64 /* Resources */ = {
			isa = PBXResourcesBuildPhase;
			buildActionMask = 2147483647;
			files = (
			);
			runOnlyForDeploymentPostprocessing = 0;
		};
		18EA45671D53C8EB005A8A64 /* Resources */ = {
			isa = PBXResourcesBuildPhase;
			buildActionMask = 2147483647;
			files = (
			);
			runOnlyForDeploymentPostprocessing = 0;
		};
/* End PBXResourcesBuildPhase section */

/* Begin PBXShellScriptBuildPhase section */
		0CE81A5348A007CAF658FD61 /* [CP] Check Pods Manifest.lock */ = {
			isa = PBXShellScriptBuildPhase;
			buildActionMask = 2147483647;
			files = (
			);
			inputPaths = (
			);
			name = "[CP] Check Pods Manifest.lock";
			outputPaths = (
			);
			runOnlyForDeploymentPostprocessing = 0;
			shellPath = /bin/sh;
			shellScript = "diff \"${PODS_ROOT}/../Podfile.lock\" \"${PODS_ROOT}/Manifest.lock\" > /dev/null\nif [ $? != 0 ] ; then\n    # print error to STDERR\n    echo \"error: The sandbox is not in sync with the Podfile.lock. Run 'pod install' or update your CocoaPods installation.\" >&2\n    exit 1\nfi\n";
			showEnvVarsInLog = 0;
		};
		3D6257F27CD74135CBBB4488 /* [CP] Copy Pods Resources */ = {
			isa = PBXShellScriptBuildPhase;
			buildActionMask = 2147483647;
			files = (
			);
			inputPaths = (
			);
			name = "[CP] Copy Pods Resources";
			outputPaths = (
			);
			runOnlyForDeploymentPostprocessing = 0;
			shellPath = /bin/sh;
			shellScript = "\"${SRCROOT}/Pods/Target Support Files/Pods-CHCarouselViewUITests/Pods-CHCarouselViewUITests-resources.sh\"\n";
			showEnvVarsInLog = 0;
		};
		5991098ADEB545AFF6E699D1 /* [CP] Check Pods Manifest.lock */ = {
			isa = PBXShellScriptBuildPhase;
			buildActionMask = 2147483647;
			files = (
			);
			inputPaths = (
			);
			name = "[CP] Check Pods Manifest.lock";
			outputPaths = (
			);
			runOnlyForDeploymentPostprocessing = 0;
			shellPath = /bin/sh;
			shellScript = "diff \"${PODS_ROOT}/../Podfile.lock\" \"${PODS_ROOT}/Manifest.lock\" > /dev/null\nif [ $? != 0 ] ; then\n    # print error to STDERR\n    echo \"error: The sandbox is not in sync with the Podfile.lock. Run 'pod install' or update your CocoaPods installation.\" >&2\n    exit 1\nfi\n";
			showEnvVarsInLog = 0;
		};
		5B8B64ECB958305464E15082 /* [CP] Embed Pods Frameworks */ = {
			isa = PBXShellScriptBuildPhase;
			buildActionMask = 2147483647;
			files = (
			);
			inputPaths = (
			);
			name = "[CP] Embed Pods Frameworks";
			outputPaths = (
			);
			runOnlyForDeploymentPostprocessing = 0;
			shellPath = /bin/sh;
			shellScript = "\"${SRCROOT}/Pods/Target Support Files/Pods-CHCarouselViewTests/Pods-CHCarouselViewTests-frameworks.sh\"\n";
			showEnvVarsInLog = 0;
		};
		722636B388F6F6A9626AB379 /* [CP] Copy Pods Resources */ = {
			isa = PBXShellScriptBuildPhase;
			buildActionMask = 2147483647;
			files = (
			);
			inputPaths = (
			);
			name = "[CP] Copy Pods Resources";
			outputPaths = (
			);
			runOnlyForDeploymentPostprocessing = 0;
			shellPath = /bin/sh;
			shellScript = "\"${SRCROOT}/Pods/Target Support Files/Pods-CHCarouselViewTests/Pods-CHCarouselViewTests-resources.sh\"\n";
			showEnvVarsInLog = 0;
		};
		A49121820B7D9776D8AA2504 /* [CP] Embed Pods Frameworks */ = {
			isa = PBXShellScriptBuildPhase;
			buildActionMask = 2147483647;
			files = (
			);
			inputPaths = (
			);
			name = "[CP] Embed Pods Frameworks";
			outputPaths = (
			);
			runOnlyForDeploymentPostprocessing = 0;
			shellPath = /bin/sh;
			shellScript = "\"${SRCROOT}/Pods/Target Support Files/Pods-CHCarouselViewUITests/Pods-CHCarouselViewUITests-frameworks.sh\"\n";
			showEnvVarsInLog = 0;
		};
		ACD3BA4664E6FA2BE21B3605 /* [CP] Embed Pods Frameworks */ = {
			isa = PBXShellScriptBuildPhase;
			buildActionMask = 2147483647;
			files = (
			);
			inputPaths = (
			);
			name = "[CP] Embed Pods Frameworks";
			outputPaths = (
			);
			runOnlyForDeploymentPostprocessing = 0;
			shellPath = /bin/sh;
			shellScript = "\"${SRCROOT}/Pods/Target Support Files/Pods-CHCarouselView/Pods-CHCarouselView-frameworks.sh\"\n";
			showEnvVarsInLog = 0;
		};
		D6E6A5CA15A9DAD8B76AD217 /* [CP] Check Pods Manifest.lock */ = {
			isa = PBXShellScriptBuildPhase;
			buildActionMask = 2147483647;
			files = (
			);
			inputPaths = (
			);
			name = "[CP] Check Pods Manifest.lock";
			outputPaths = (
			);
			runOnlyForDeploymentPostprocessing = 0;
			shellPath = /bin/sh;
			shellScript = "diff \"${PODS_ROOT}/../Podfile.lock\" \"${PODS_ROOT}/Manifest.lock\" > /dev/null\nif [ $? != 0 ] ; then\n    # print error to STDERR\n    echo \"error: The sandbox is not in sync with the Podfile.lock. Run 'pod install' or update your CocoaPods installation.\" >&2\n    exit 1\nfi\n";
			showEnvVarsInLog = 0;
		};
		E8C8F79892E5E390938D6010 /* [CP] Copy Pods Resources */ = {
			isa = PBXShellScriptBuildPhase;
			buildActionMask = 2147483647;
			files = (
			);
			inputPaths = (
			);
			name = "[CP] Copy Pods Resources";
			outputPaths = (
			);
			runOnlyForDeploymentPostprocessing = 0;
			shellPath = /bin/sh;
			shellScript = "\"${SRCROOT}/Pods/Target Support Files/Pods-CHCarouselView/Pods-CHCarouselView-resources.sh\"\n";
			showEnvVarsInLog = 0;
		};
/* End PBXShellScriptBuildPhase section */

/* Begin PBXSourcesBuildPhase section */
		18EA45461D53C8EA005A8A64 /* Sources */ = {
			isa = PBXSourcesBuildPhase;
			buildActionMask = 2147483647;
			files = (
				18EA45501D53C8EB005A8A64 /* ViewController.swift in Sources */,
				18EA457D1D53CA2A005A8A64 /* CarouselView.swift in Sources */,
				18EA454E1D53C8EA005A8A64 /* AppDelegate.swift in Sources */,
			);
			runOnlyForDeploymentPostprocessing = 0;
		};
		18EA455A1D53C8EB005A8A64 /* Sources */ = {
			isa = PBXSourcesBuildPhase;
			buildActionMask = 2147483647;
			files = (
				18EA45631D53C8EB005A8A64 /* CHCarouselViewTests.swift in Sources */,
			);
			runOnlyForDeploymentPostprocessing = 0;
		};
		18EA45651D53C8EB005A8A64 /* Sources */ = {
			isa = PBXSourcesBuildPhase;
			buildActionMask = 2147483647;
			files = (
				18EA456E1D53C8EB005A8A64 /* CHCarouselViewUITests.swift in Sources */,
			);
			runOnlyForDeploymentPostprocessing = 0;
		};
/* End PBXSourcesBuildPhase section */

/* Begin PBXTargetDependency section */
		18EA45601D53C8EB005A8A64 /* PBXTargetDependency */ = {
			isa = PBXTargetDependency;
			target = 18EA45491D53C8EA005A8A64 /* CHCarouselView */;
			targetProxy = 18EA455F1D53C8EB005A8A64 /* PBXContainerItemProxy */;
		};
		18EA456B1D53C8EB005A8A64 /* PBXTargetDependency */ = {
			isa = PBXTargetDependency;
			target = 18EA45491D53C8EA005A8A64 /* CHCarouselView */;
			targetProxy = 18EA456A1D53C8EB005A8A64 /* PBXContainerItemProxy */;
		};
/* End PBXTargetDependency section */

/* Begin PBXVariantGroup section */
		18EA45511D53C8EB005A8A64 /* Main.storyboard */ = {
			isa = PBXVariantGroup;
			children = (
				18EA45521D53C8EB005A8A64 /* Base */,
			);
			name = Main.storyboard;
			sourceTree = "<group>";
		};
		18EA45561D53C8EB005A8A64 /* LaunchScreen.storyboard */ = {
			isa = PBXVariantGroup;
			children = (
				18EA45571D53C8EB005A8A64 /* Base */,
			);
			name = LaunchScreen.storyboard;
			sourceTree = "<group>";
		};
/* End PBXVariantGroup section */

/* Begin XCBuildConfiguration section */
		18EA45701D53C8EB005A8A64 /* Debug */ = {
			isa = XCBuildConfiguration;
			buildSettings = {
				ALWAYS_SEARCH_USER_PATHS = NO;
				CLANG_ANALYZER_NONNULL = YES;
				CLANG_CXX_LANGUAGE_STANDARD = "gnu++0x";
				CLANG_CXX_LIBRARY = "libc++";
				CLANG_ENABLE_MODULES = YES;
				CLANG_ENABLE_OBJC_ARC = YES;
				CLANG_WARN_BOOL_CONVERSION = YES;
				CLANG_WARN_CONSTANT_CONVERSION = YES;
				CLANG_WARN_DIRECT_OBJC_ISA_USAGE = YES_ERROR;
				CLANG_WARN_EMPTY_BODY = YES;
				CLANG_WARN_ENUM_CONVERSION = YES;
				CLANG_WARN_INFINITE_RECURSION = YES;
				CLANG_WARN_INT_CONVERSION = YES;
				CLANG_WARN_OBJC_ROOT_CLASS = YES_ERROR;
				CLANG_WARN_SUSPICIOUS_MOVE = YES;
				CLANG_WARN_UNREACHABLE_CODE = YES;
				CLANG_WARN__DUPLICATE_METHOD_MATCH = YES;
				"CODE_SIGN_IDENTITY[sdk=iphoneos*]" = "iPhone Developer";
				COPY_PHASE_STRIP = NO;
				DEBUG_INFORMATION_FORMAT = dwarf;
				ENABLE_STRICT_OBJC_MSGSEND = YES;
				ENABLE_TESTABILITY = YES;
				GCC_C_LANGUAGE_STANDARD = gnu99;
				GCC_DYNAMIC_NO_PIC = NO;
				GCC_NO_COMMON_BLOCKS = YES;
				GCC_OPTIMIZATION_LEVEL = 0;
				GCC_PREPROCESSOR_DEFINITIONS = (
					"DEBUG=1",
					"$(inherited)",
				);
				GCC_WARN_64_TO_32_BIT_CONVERSION = YES;
				GCC_WARN_ABOUT_RETURN_TYPE = YES_ERROR;
				GCC_WARN_UNDECLARED_SELECTOR = YES;
				GCC_WARN_UNINITIALIZED_AUTOS = YES_AGGRESSIVE;
				GCC_WARN_UNUSED_FUNCTION = YES;
				GCC_WARN_UNUSED_VARIABLE = YES;
				IPHONEOS_DEPLOYMENT_TARGET = 9.3;
				MTL_ENABLE_DEBUG_INFO = YES;
				ONLY_ACTIVE_ARCH = YES;
				SDKROOT = iphoneos;
				SWIFT_OPTIMIZATION_LEVEL = "-Onone";
			};
			name = Debug;
		};
		18EA45711D53C8EB005A8A64 /* Release */ = {
			isa = XCBuildConfiguration;
			buildSettings = {
				ALWAYS_SEARCH_USER_PATHS = NO;
				CLANG_ANALYZER_NONNULL = YES;
				CLANG_CXX_LANGUAGE_STANDARD = "gnu++0x";
				CLANG_CXX_LIBRARY = "libc++";
				CLANG_ENABLE_MODULES = YES;
				CLANG_ENABLE_OBJC_ARC = YES;
				CLANG_WARN_BOOL_CONVERSION = YES;
				CLANG_WARN_CONSTANT_CONVERSION = YES;
				CLANG_WARN_DIRECT_OBJC_ISA_USAGE = YES_ERROR;
				CLANG_WARN_EMPTY_BODY = YES;
				CLANG_WARN_ENUM_CONVERSION = YES;
				CLANG_WARN_INFINITE_RECURSION = YES;
				CLANG_WARN_INT_CONVERSION = YES;
				CLANG_WARN_OBJC_ROOT_CLASS = YES_ERROR;
				CLANG_WARN_SUSPICIOUS_MOVE = YES;
				CLANG_WARN_UNREACHABLE_CODE = YES;
				CLANG_WARN__DUPLICATE_METHOD_MATCH = YES;
				"CODE_SIGN_IDENTITY[sdk=iphoneos*]" = "iPhone Developer";
				COPY_PHASE_STRIP = NO;
				DEBUG_INFORMATION_FORMAT = "dwarf-with-dsym";
				ENABLE_NS_ASSERTIONS = NO;
				ENABLE_STRICT_OBJC_MSGSEND = YES;
				GCC_C_LANGUAGE_STANDARD = gnu99;
				GCC_NO_COMMON_BLOCKS = YES;
				GCC_WARN_64_TO_32_BIT_CONVERSION = YES;
				GCC_WARN_ABOUT_RETURN_TYPE = YES_ERROR;
				GCC_WARN_UNDECLARED_SELECTOR = YES;
				GCC_WARN_UNINITIALIZED_AUTOS = YES_AGGRESSIVE;
				GCC_WARN_UNUSED_FUNCTION = YES;
				GCC_WARN_UNUSED_VARIABLE = YES;
				IPHONEOS_DEPLOYMENT_TARGET = 9.3;
				MTL_ENABLE_DEBUG_INFO = NO;
				SDKROOT = iphoneos;
				SWIFT_OPTIMIZATION_LEVEL = "-Owholemodule";
				VALIDATE_PRODUCT = YES;
			};
			name = Release;
		};
		18EA45731D53C8EB005A8A64 /* Debug */ = {
			isa = XCBuildConfiguration;
			baseConfigurationReference = B75C0F825813444998ED9CE8 /* Pods-CHCarouselView.debug.xcconfig */;
			buildSettings = {
				ALWAYS_EMBED_SWIFT_STANDARD_LIBRARIES = "$(inherited)";
				ASSETCATALOG_COMPILER_APPICON_NAME = AppIcon;
				DEVELOPMENT_TEAM = ZT2WJ442QP;
				INFOPLIST_FILE = CHCarouselView/Info.plist;
				LD_RUNPATH_SEARCH_PATHS = "$(inherited) @executable_path/Frameworks";
				PRODUCT_BUNDLE_IDENTIFIER = org.capslock.CHCarouselView;
				PRODUCT_NAME = "$(TARGET_NAME)";
				SWIFT_VERSION = 3.0;
			};
			name = Debug;
		};
		18EA45741D53C8EB005A8A64 /* Release */ = {
			isa = XCBuildConfiguration;
			baseConfigurationReference = FC1DF559E6F266A98A0AF56F /* Pods-CHCarouselView.release.xcconfig */;
			buildSettings = {
				ALWAYS_EMBED_SWIFT_STANDARD_LIBRARIES = "$(inherited)";
				ASSETCATALOG_COMPILER_APPICON_NAME = AppIcon;
				DEVELOPMENT_TEAM = ZT2WJ442QP;
				INFOPLIST_FILE = CHCarouselView/Info.plist;
				LD_RUNPATH_SEARCH_PATHS = "$(inherited) @executable_path/Frameworks";
				PRODUCT_BUNDLE_IDENTIFIER = org.capslock.CHCarouselView;
				PRODUCT_NAME = "$(TARGET_NAME)";
				SWIFT_VERSION = 3.0;
			};
			name = Release;
		};
		18EA45761D53C8EB005A8A64 /* Debug */ = {
			isa = XCBuildConfiguration;
			baseConfigurationReference = 5AA7AE6ED291C4E38CE42A32 /* Pods-CHCarouselViewTests.debug.xcconfig */;
			buildSettings = {
				BUNDLE_LOADER = "$(TEST_HOST)";
				INFOPLIST_FILE = CHCarouselViewTests/Info.plist;
				LD_RUNPATH_SEARCH_PATHS = "$(inherited) @executable_path/Frameworks @loader_path/Frameworks";
				PRODUCT_BUNDLE_IDENTIFIER = org.capslock.CHCarouselViewTests;
				PRODUCT_NAME = "$(TARGET_NAME)";
				SWIFT_VERSION = 3.0;
				TEST_HOST = "$(BUILT_PRODUCTS_DIR)/CHCarouselView.app/CHCarouselView";
			};
			name = Debug;
		};
		18EA45771D53C8EB005A8A64 /* Release */ = {
			isa = XCBuildConfiguration;
			baseConfigurationReference = 24B582BADB2C1FF4C0C8905B /* Pods-CHCarouselViewTests.release.xcconfig */;
			buildSettings = {
				BUNDLE_LOADER = "$(TEST_HOST)";
				INFOPLIST_FILE = CHCarouselViewTests/Info.plist;
				LD_RUNPATH_SEARCH_PATHS = "$(inherited) @executable_path/Frameworks @loader_path/Frameworks";
				PRODUCT_BUNDLE_IDENTIFIER = org.capslock.CHCarouselViewTests;
				PRODUCT_NAME = "$(TARGET_NAME)";
				SWIFT_VERSION = 3.0;
				TEST_HOST = "$(BUILT_PRODUCTS_DIR)/CHCarouselView.app/CHCarouselView";
			};
			name = Release;
		};
		18EA45791D53C8EB005A8A64 /* Debug */ = {
			isa = XCBuildConfiguration;
			baseConfigurationReference = 032DC89CDA842ABD89BD7E12 /* Pods-CHCarouselViewUITests.debug.xcconfig */;
			buildSettings = {
				INFOPLIST_FILE = CHCarouselViewUITests/Info.plist;
				LD_RUNPATH_SEARCH_PATHS = "$(inherited) @executable_path/Frameworks @loader_path/Frameworks";
				PRODUCT_BUNDLE_IDENTIFIER = org.capslock.CHCarouselViewUITests;
				PRODUCT_NAME = "$(TARGET_NAME)";
				SWIFT_VERSION = 3.0;
				TEST_TARGET_NAME = CHCarouselView;
			};
			name = Debug;
		};
		18EA457A1D53C8EB005A8A64 /* Release */ = {
			isa = XCBuildConfiguration;
			baseConfigurationReference = 523C497422E5EB14BF6C4206 /* Pods-CHCarouselViewUITests.release.xcconfig */;
			buildSettings = {
				INFOPLIST_FILE = CHCarouselViewUITests/Info.plist;
				LD_RUNPATH_SEARCH_PATHS = "$(inherited) @executable_path/Frameworks @loader_path/Frameworks";
				PRODUCT_BUNDLE_IDENTIFIER = org.capslock.CHCarouselViewUITests;
				PRODUCT_NAME = "$(TARGET_NAME)";
				SWIFT_VERSION = 3.0;
				TEST_TARGET_NAME = CHCarouselView;
			};
			name = Release;
		};
/* End XCBuildConfiguration section */

/* Begin XCConfigurationList section */
		18EA45451D53C8EA005A8A64 /* Build configuration list for PBXProject "CHCarouselView" */ = {
			isa = XCConfigurationList;
			buildConfigurations = (
				18EA45701D53C8EB005A8A64 /* Debug */,
				18EA45711D53C8EB005A8A64 /* Release */,
			);
			defaultConfigurationIsVisible = 0;
			defaultConfigurationName = Release;
		};
		18EA45721D53C8EB005A8A64 /* Build configuration list for PBXNativeTarget "CHCarouselView" */ = {
			isa = XCConfigurationList;
			buildConfigurations = (
				18EA45731D53C8EB005A8A64 /* Debug */,
				18EA45741D53C8EB005A8A64 /* Release */,
			);
			defaultConfigurationIsVisible = 0;
			defaultConfigurationName = Release;
		};
		18EA45751D53C8EB005A8A64 /* Build configuration list for PBXNativeTarget "CHCarouselViewTests" */ = {
			isa = XCConfigurationList;
			buildConfigurations = (
				18EA45761D53C8EB005A8A64 /* Debug */,
				18EA45771D53C8EB005A8A64 /* Release */,
			);
			defaultConfigurationIsVisible = 0;
			defaultConfigurationName = Release;
		};
		18EA45781D53C8EB005A8A64 /* Build configuration list for PBXNativeTarget "CHCarouselViewUITests" */ = {
			isa = XCConfigurationList;
			buildConfigurations = (
				18EA45791D53C8EB005A8A64 /* Debug */,
				18EA457A1D53C8EB005A8A64 /* Release */,
			);
			defaultConfigurationIsVisible = 0;
			defaultConfigurationName = Release;
		};
/* End XCConfigurationList section */
	};
	rootObject = 18EA45421D53C8EA005A8A64 /* Project object */;
}
